
Microsoft Visual Studio Solution File, Format Version 12.00
# Visual Studio Version 16
VisualStudioVersion = 16.0.31129.286
MinimumVisualStudioVersion = 10.0.40219.1
Project("{FAE04EC0-301F-11D3-BF4B-00C04F79EFBC}") = "DataAccessLayer", "DataAccessLayer\DataAccessLayer.csproj", "{C6458B9F-53C7-41F4-B049-00E541446052}"
EndProject
Project("{FAE04EC0-301F-11D3-BF4B-00C04F79EFBC}") = "BusinessLayer", "BusinessLayer\BusinessLayer.csproj", "{8C3E0008-E901-4770-8638-3FC7751AAFC7}"
EndProject
Project("{FAE04EC0-301F-11D3-BF4B-00C04F79EFBC}") = "ApiUniAtlas", "ApiUniAtlas\ApiUniAtlas.csproj", "{33831CFE-948F-4D10-AED6-E929C477BCC6}"
EndProject
Global
	GlobalSection(SolutionConfigurationPlatforms) = preSolution
		Debug|Any CPU = Debug|Any CPU
		Release|Any CPU = Release|Any CPU
	EndGlobalSection
	GlobalSection(ProjectConfigurationPlatforms) = postSolution
		{C6458B9F-53C7-41F4-B049-00E541446052}.Debug|Any CPU.ActiveCfg = Debug|Any CPU
		{C6458B9F-53C7-41F4-B049-00E541446052}.Debug|Any CPU.Build.0 = Debug|Any CPU
		{C6458B9F-53C7-41F4-B049-00E541446052}.Release|Any CPU.ActiveCfg = Release|Any CPU
		{C6458B9F-53C7-41F4-B049-00E541446052}.Release|Any CPU.Build.0 = Release|Any CPU
		{8C3E0008-E901-4770-8638-3FC7751AAFC7}.Debug|Any CPU.ActiveCfg = Debug|Any CPU
		{8C3E0008-E901-4770-8638-3FC7751AAFC7}.Debug|Any CPU.Build.0 = Debug|Any CPU
		{8C3E0008-E901-4770-8638-3FC7751AAFC7}.Release|Any CPU.ActiveCfg = Release|Any CPU
		{8C3E0008-E901-4770-8638-3FC7751AAFC7}.Release|Any CPU.Build.0 = Release|Any CPU
		{33831CFE-948F-4D10-AED6-E929C477BCC6}.Debug|Any CPU.ActiveCfg = Debug|Any CPU
		{33831CFE-948F-4D10-AED6-E929C477BCC6}.Debug|Any CPU.Build.0 = Debug|Any CPU
		{33831CFE-948F-4D10-AED6-E929C477BCC6}.Release|Any CPU.ActiveCfg = Release|Any CPU
		{33831CFE-948F-4D10-AED6-E929C477BCC6}.Release|Any CPU.Build.0 = Release|Any CPU
	EndGlobalSection
	GlobalSection(SolutionProperties) = preSolution
		HideSolutionNode = FALSE
	EndGlobalSection
	GlobalSection(ExtensibilityGlobals) = postSolution
		SolutionGuid = {8A0146F3-0B65-4D48-AB0C-FAB2C32ADC07}
	EndGlobalSection
EndGlobal
